
Microsoft Visual Studio Solution File, Format Version 12.00
# Visual Studio 15
VisualStudioVersion = 15.0.26124.0
MinimumVisualStudioVersion = 15.0.26124.0
Project("{2150E333-8FDC-42A3-9474-1A3956D46DE8}") = "src", "src", "{5D4FB110-099A-4DAB-AFC3-43F9B80CF04A}"
EndProject
Project("{2150E333-8FDC-42A3-9474-1A3956D46DE8}") = "Hosting", "Hosting", "{AA598ED9-0AA6-4BEB-B409-E5BA72D03F57}"
EndProject
Project("{2150E333-8FDC-42A3-9474-1A3956D46DE8}") = "src", "src", "{930D7A3C-7E13-4FDD-B0D8-F3168E45012D}"
EndProject
Project("{FAE04EC0-301F-11D3-BF4B-00C04F79EFBC}") = "Clinia.Extensions.Hosting.EntityFrameworkCore", "src\Hosting\src\Clinia.Extensions.Hosting.EntityFrameworkCore\Clinia.Extensions.Hosting.EntityFrameworkCore.csproj", "{D51F55A1-DD13-4360-87E5-C53972B8CFDD}"
EndProject
Project("{FAE04EC0-301F-11D3-BF4B-00C04F79EFBC}") = "Clinia.Extensions.Hosting", "src\Hosting\src\Clinia.Extensions.Hosting\Clinia.Extensions.Hosting.csproj", "{59958FF0-0169-4999-9B1C-1C5DF00DFA28}"
EndProject
Project("{2150E333-8FDC-42A3-9474-1A3956D46DE8}") = "test", "test", "{C57AA334-1695-4382-A6F3-2AE8581D1D53}"
EndProject
Project("{FAE04EC0-301F-11D3-BF4B-00C04F79EFBC}") = "Hosting.Test", "src\Hosting\test\Hosting.Test\Hosting.Test.csproj", "{58B1E5DB-09AA-43AB-A280-F2F13923E787}"
EndProject
Project("{2150E333-8FDC-42A3-9474-1A3956D46DE8}") = "Testing", "Testing", "{AA61886E-93A0-4ABD-945D-FE296F725989}"
EndProject
Project("{2150E333-8FDC-42A3-9474-1A3956D46DE8}") = "src", "src", "{CF6EBF67-D70E-42D6-9701-488D6B07C0E5}"
EndProject
Project("{FAE04EC0-301F-11D3-BF4B-00C04F79EFBC}") = "Clinia.Testing.All", "src\Testing\src\Clinia.Testing.All\Clinia.Testing.All.csproj", "{B2C9ADEA-72B8-421F-8F67-26F8B58DF9A7}"
EndProject
Project("{FAE04EC0-301F-11D3-BF4B-00C04F79EFBC}") = "Clinia.Testing.AutoFixture", "src\Testing\src\Clinia.Testing.AutoFixture\Clinia.Testing.AutoFixture.csproj", "{8D6A47E7-F048-440D-925B-B2B7F8D02E40}"
EndProject
Project("{FAE04EC0-301F-11D3-BF4B-00C04F79EFBC}") = "Clinia.Testing.FluentAssertions", "src\Testing\src\Clinia.Testing.FluentAssertions\Clinia.Testing.FluentAssertions.csproj", "{AFA4A096-4E53-4BE7-AE6F-1096A7E9FE0E}"
EndProject
Project("{2150E333-8FDC-42A3-9474-1A3956D46DE8}") = "Logging", "Logging", "{E799050F-BCD5-4CC9-B036-D0FB58F31D5C}"
EndProject
Project("{2150E333-8FDC-42A3-9474-1A3956D46DE8}") = "src", "src", "{FCCE9013-C970-4A8D-9921-5DDF3BC257A6}"
EndProject
Project("{FAE04EC0-301F-11D3-BF4B-00C04F79EFBC}") = "Clinia.Logging.AspNetCore", "src\Logging\src\Clinia.Logging.AspNetCore\Clinia.Logging.AspNetCore.csproj", "{889EF311-9D54-4173-89C0-711EF65020ED}"
EndProject
Project("{2150E333-8FDC-42A3-9474-1A3956D46DE8}") = "samples", "samples", "{BA42BE4A-4767-4ADE-85FD-B497FA3DF569}"
EndProject
Project("{FAE04EC0-301F-11D3-BF4B-00C04F79EFBC}") = "Logging.AspNetCore", "src\Logging\samples\Logging.AspNetCore\Logging.AspNetCore.csproj", "{7D99A700-528B-4428-AD4C-39027561DAD2}"
EndProject
Project("{FAE04EC0-301F-11D3-BF4B-00C04F79EFBC}") = "Clinia.Logging", "src\Logging\src\Clinia.Logging\Clinia.Logging.csproj", "{897FCD28-4472-4DB0-B972-22EC93DE7BCA}"
EndProject
Project("{2150E333-8FDC-42A3-9474-1A3956D46DE8}") = "Cryptography", "Cryptography", "{0FF07A98-850A-461C-8B23-F5B5D1E73851}"
EndProject
Project("{2150E333-8FDC-42A3-9474-1A3956D46DE8}") = "src", "src", "{D5DC641B-42DE-4FB5-A055-F6C8AFC0C195}"
EndProject
Project("{FAE04EC0-301F-11D3-BF4B-00C04F79EFBC}") = "Clinia.Cryptography", "src\Cryptography\src\Clinia.Cryptography\Clinia.Cryptography.csproj", "{E7252EBD-882D-41AE-BCFC-B59E41AB6226}"
EndProject
Project("{2150E333-8FDC-42A3-9474-1A3956D46DE8}") = "test", "test", "{6C9E05AA-075E-49E9-AA5C-052DE922190C}"
EndProject
Project("{FAE04EC0-301F-11D3-BF4B-00C04F79EFBC}") = "Clinia.Cryptography.Test", "src\Cryptography\test\Clinia.Cryptography.Test\Clinia.Cryptography.Test.csproj", "{653EE3B1-34EA-4184-B83E-B4E206694F6F}"
EndProject
Global
	GlobalSection(SolutionConfigurationPlatforms) = preSolution
		Debug|Any CPU = Debug|Any CPU
		Debug|x64 = Debug|x64
		Debug|x86 = Debug|x86
		Release|Any CPU = Release|Any CPU
		Release|x64 = Release|x64
		Release|x86 = Release|x86
	EndGlobalSection
	GlobalSection(SolutionProperties) = preSolution
		HideSolutionNode = FALSE
	EndGlobalSection
	GlobalSection(ProjectConfigurationPlatforms) = postSolution
		{D51F55A1-DD13-4360-87E5-C53972B8CFDD}.Debug|Any CPU.ActiveCfg = Debug|Any CPU
		{D51F55A1-DD13-4360-87E5-C53972B8CFDD}.Debug|Any CPU.Build.0 = Debug|Any CPU
		{D51F55A1-DD13-4360-87E5-C53972B8CFDD}.Debug|x64.ActiveCfg = Debug|Any CPU
		{D51F55A1-DD13-4360-87E5-C53972B8CFDD}.Debug|x64.Build.0 = Debug|Any CPU
		{D51F55A1-DD13-4360-87E5-C53972B8CFDD}.Debug|x86.ActiveCfg = Debug|Any CPU
		{D51F55A1-DD13-4360-87E5-C53972B8CFDD}.Debug|x86.Build.0 = Debug|Any CPU
		{D51F55A1-DD13-4360-87E5-C53972B8CFDD}.Release|Any CPU.ActiveCfg = Release|Any CPU
		{D51F55A1-DD13-4360-87E5-C53972B8CFDD}.Release|Any CPU.Build.0 = Release|Any CPU
		{D51F55A1-DD13-4360-87E5-C53972B8CFDD}.Release|x64.ActiveCfg = Release|Any CPU
		{D51F55A1-DD13-4360-87E5-C53972B8CFDD}.Release|x64.Build.0 = Release|Any CPU
		{D51F55A1-DD13-4360-87E5-C53972B8CFDD}.Release|x86.ActiveCfg = Release|Any CPU
		{D51F55A1-DD13-4360-87E5-C53972B8CFDD}.Release|x86.Build.0 = Release|Any CPU
		{59958FF0-0169-4999-9B1C-1C5DF00DFA28}.Debug|Any CPU.ActiveCfg = Debug|Any CPU
		{59958FF0-0169-4999-9B1C-1C5DF00DFA28}.Debug|Any CPU.Build.0 = Debug|Any CPU
		{59958FF0-0169-4999-9B1C-1C5DF00DFA28}.Debug|x64.ActiveCfg = Debug|Any CPU
		{59958FF0-0169-4999-9B1C-1C5DF00DFA28}.Debug|x64.Build.0 = Debug|Any CPU
		{59958FF0-0169-4999-9B1C-1C5DF00DFA28}.Debug|x86.ActiveCfg = Debug|Any CPU
		{59958FF0-0169-4999-9B1C-1C5DF00DFA28}.Debug|x86.Build.0 = Debug|Any CPU
		{59958FF0-0169-4999-9B1C-1C5DF00DFA28}.Release|Any CPU.ActiveCfg = Release|Any CPU
		{59958FF0-0169-4999-9B1C-1C5DF00DFA28}.Release|Any CPU.Build.0 = Release|Any CPU
		{59958FF0-0169-4999-9B1C-1C5DF00DFA28}.Release|x64.ActiveCfg = Release|Any CPU
		{59958FF0-0169-4999-9B1C-1C5DF00DFA28}.Release|x64.Build.0 = Release|Any CPU
		{59958FF0-0169-4999-9B1C-1C5DF00DFA28}.Release|x86.ActiveCfg = Release|Any CPU
		{59958FF0-0169-4999-9B1C-1C5DF00DFA28}.Release|x86.Build.0 = Release|Any CPU
		{58B1E5DB-09AA-43AB-A280-F2F13923E787}.Debug|Any CPU.ActiveCfg = Debug|Any CPU
		{58B1E5DB-09AA-43AB-A280-F2F13923E787}.Debug|Any CPU.Build.0 = Debug|Any CPU
		{58B1E5DB-09AA-43AB-A280-F2F13923E787}.Debug|x64.ActiveCfg = Debug|Any CPU
		{58B1E5DB-09AA-43AB-A280-F2F13923E787}.Debug|x64.Build.0 = Debug|Any CPU
		{58B1E5DB-09AA-43AB-A280-F2F13923E787}.Debug|x86.ActiveCfg = Debug|Any CPU
		{58B1E5DB-09AA-43AB-A280-F2F13923E787}.Debug|x86.Build.0 = Debug|Any CPU
		{58B1E5DB-09AA-43AB-A280-F2F13923E787}.Release|Any CPU.ActiveCfg = Release|Any CPU
		{58B1E5DB-09AA-43AB-A280-F2F13923E787}.Release|Any CPU.Build.0 = Release|Any CPU
		{58B1E5DB-09AA-43AB-A280-F2F13923E787}.Release|x64.ActiveCfg = Release|Any CPU
		{58B1E5DB-09AA-43AB-A280-F2F13923E787}.Release|x64.Build.0 = Release|Any CPU
		{58B1E5DB-09AA-43AB-A280-F2F13923E787}.Release|x86.ActiveCfg = Release|Any CPU
		{58B1E5DB-09AA-43AB-A280-F2F13923E787}.Release|x86.Build.0 = Release|Any CPU
		{B2C9ADEA-72B8-421F-8F67-26F8B58DF9A7}.Debug|Any CPU.ActiveCfg = Debug|Any CPU
		{B2C9ADEA-72B8-421F-8F67-26F8B58DF9A7}.Debug|Any CPU.Build.0 = Debug|Any CPU
		{B2C9ADEA-72B8-421F-8F67-26F8B58DF9A7}.Debug|x64.ActiveCfg = Debug|Any CPU
		{B2C9ADEA-72B8-421F-8F67-26F8B58DF9A7}.Debug|x64.Build.0 = Debug|Any CPU
		{B2C9ADEA-72B8-421F-8F67-26F8B58DF9A7}.Debug|x86.ActiveCfg = Debug|Any CPU
		{B2C9ADEA-72B8-421F-8F67-26F8B58DF9A7}.Debug|x86.Build.0 = Debug|Any CPU
		{B2C9ADEA-72B8-421F-8F67-26F8B58DF9A7}.Release|Any CPU.ActiveCfg = Release|Any CPU
		{B2C9ADEA-72B8-421F-8F67-26F8B58DF9A7}.Release|Any CPU.Build.0 = Release|Any CPU
		{B2C9ADEA-72B8-421F-8F67-26F8B58DF9A7}.Release|x64.ActiveCfg = Release|Any CPU
		{B2C9ADEA-72B8-421F-8F67-26F8B58DF9A7}.Release|x64.Build.0 = Release|Any CPU
		{B2C9ADEA-72B8-421F-8F67-26F8B58DF9A7}.Release|x86.ActiveCfg = Release|Any CPU
		{B2C9ADEA-72B8-421F-8F67-26F8B58DF9A7}.Release|x86.Build.0 = Release|Any CPU
		{8D6A47E7-F048-440D-925B-B2B7F8D02E40}.Debug|Any CPU.ActiveCfg = Debug|Any CPU
		{8D6A47E7-F048-440D-925B-B2B7F8D02E40}.Debug|Any CPU.Build.0 = Debug|Any CPU
		{8D6A47E7-F048-440D-925B-B2B7F8D02E40}.Debug|x64.ActiveCfg = Debug|Any CPU
		{8D6A47E7-F048-440D-925B-B2B7F8D02E40}.Debug|x64.Build.0 = Debug|Any CPU
		{8D6A47E7-F048-440D-925B-B2B7F8D02E40}.Debug|x86.ActiveCfg = Debug|Any CPU
		{8D6A47E7-F048-440D-925B-B2B7F8D02E40}.Debug|x86.Build.0 = Debug|Any CPU
		{8D6A47E7-F048-440D-925B-B2B7F8D02E40}.Release|Any CPU.ActiveCfg = Release|Any CPU
		{8D6A47E7-F048-440D-925B-B2B7F8D02E40}.Release|Any CPU.Build.0 = Release|Any CPU
		{8D6A47E7-F048-440D-925B-B2B7F8D02E40}.Release|x64.ActiveCfg = Release|Any CPU
		{8D6A47E7-F048-440D-925B-B2B7F8D02E40}.Release|x64.Build.0 = Release|Any CPU
		{8D6A47E7-F048-440D-925B-B2B7F8D02E40}.Release|x86.ActiveCfg = Release|Any CPU
		{8D6A47E7-F048-440D-925B-B2B7F8D02E40}.Release|x86.Build.0 = Release|Any CPU
		{AFA4A096-4E53-4BE7-AE6F-1096A7E9FE0E}.Debug|Any CPU.ActiveCfg = Debug|Any CPU
		{AFA4A096-4E53-4BE7-AE6F-1096A7E9FE0E}.Debug|Any CPU.Build.0 = Debug|Any CPU
		{AFA4A096-4E53-4BE7-AE6F-1096A7E9FE0E}.Debug|x64.ActiveCfg = Debug|Any CPU
		{AFA4A096-4E53-4BE7-AE6F-1096A7E9FE0E}.Debug|x64.Build.0 = Debug|Any CPU
		{AFA4A096-4E53-4BE7-AE6F-1096A7E9FE0E}.Debug|x86.ActiveCfg = Debug|Any CPU
		{AFA4A096-4E53-4BE7-AE6F-1096A7E9FE0E}.Debug|x86.Build.0 = Debug|Any CPU
		{AFA4A096-4E53-4BE7-AE6F-1096A7E9FE0E}.Release|Any CPU.ActiveCfg = Release|Any CPU
		{AFA4A096-4E53-4BE7-AE6F-1096A7E9FE0E}.Release|Any CPU.Build.0 = Release|Any CPU
		{AFA4A096-4E53-4BE7-AE6F-1096A7E9FE0E}.Release|x64.ActiveCfg = Release|Any CPU
		{AFA4A096-4E53-4BE7-AE6F-1096A7E9FE0E}.Release|x64.Build.0 = Release|Any CPU
		{AFA4A096-4E53-4BE7-AE6F-1096A7E9FE0E}.Release|x86.ActiveCfg = Release|Any CPU
		{AFA4A096-4E53-4BE7-AE6F-1096A7E9FE0E}.Release|x86.Build.0 = Release|Any CPU
		{889EF311-9D54-4173-89C0-711EF65020ED}.Debug|Any CPU.ActiveCfg = Debug|Any CPU
		{889EF311-9D54-4173-89C0-711EF65020ED}.Debug|Any CPU.Build.0 = Debug|Any CPU
		{889EF311-9D54-4173-89C0-711EF65020ED}.Debug|x64.ActiveCfg = Debug|Any CPU
		{889EF311-9D54-4173-89C0-711EF65020ED}.Debug|x64.Build.0 = Debug|Any CPU
		{889EF311-9D54-4173-89C0-711EF65020ED}.Debug|x86.ActiveCfg = Debug|Any CPU
		{889EF311-9D54-4173-89C0-711EF65020ED}.Debug|x86.Build.0 = Debug|Any CPU
		{889EF311-9D54-4173-89C0-711EF65020ED}.Release|Any CPU.ActiveCfg = Release|Any CPU
		{889EF311-9D54-4173-89C0-711EF65020ED}.Release|Any CPU.Build.0 = Release|Any CPU
		{889EF311-9D54-4173-89C0-711EF65020ED}.Release|x64.ActiveCfg = Release|Any CPU
		{889EF311-9D54-4173-89C0-711EF65020ED}.Release|x64.Build.0 = Release|Any CPU
		{889EF311-9D54-4173-89C0-711EF65020ED}.Release|x86.ActiveCfg = Release|Any CPU
		{889EF311-9D54-4173-89C0-711EF65020ED}.Release|x86.Build.0 = Release|Any CPU
		{7D99A700-528B-4428-AD4C-39027561DAD2}.Debug|Any CPU.ActiveCfg = Debug|Any CPU
		{7D99A700-528B-4428-AD4C-39027561DAD2}.Debug|Any CPU.Build.0 = Debug|Any CPU
		{7D99A700-528B-4428-AD4C-39027561DAD2}.Debug|x64.ActiveCfg = Debug|Any CPU
		{7D99A700-528B-4428-AD4C-39027561DAD2}.Debug|x64.Build.0 = Debug|Any CPU
		{7D99A700-528B-4428-AD4C-39027561DAD2}.Debug|x86.ActiveCfg = Debug|Any CPU
		{7D99A700-528B-4428-AD4C-39027561DAD2}.Debug|x86.Build.0 = Debug|Any CPU
		{7D99A700-528B-4428-AD4C-39027561DAD2}.Release|Any CPU.ActiveCfg = Release|Any CPU
		{7D99A700-528B-4428-AD4C-39027561DAD2}.Release|Any CPU.Build.0 = Release|Any CPU
		{7D99A700-528B-4428-AD4C-39027561DAD2}.Release|x64.ActiveCfg = Release|Any CPU
		{7D99A700-528B-4428-AD4C-39027561DAD2}.Release|x64.Build.0 = Release|Any CPU
		{7D99A700-528B-4428-AD4C-39027561DAD2}.Release|x86.ActiveCfg = Release|Any CPU
		{7D99A700-528B-4428-AD4C-39027561DAD2}.Release|x86.Build.0 = Release|Any CPU
		{897FCD28-4472-4DB0-B972-22EC93DE7BCA}.Debug|Any CPU.ActiveCfg = Debug|Any CPU
		{897FCD28-4472-4DB0-B972-22EC93DE7BCA}.Debug|Any CPU.Build.0 = Debug|Any CPU
		{897FCD28-4472-4DB0-B972-22EC93DE7BCA}.Debug|x64.ActiveCfg = Debug|Any CPU
		{897FCD28-4472-4DB0-B972-22EC93DE7BCA}.Debug|x64.Build.0 = Debug|Any CPU
		{897FCD28-4472-4DB0-B972-22EC93DE7BCA}.Debug|x86.ActiveCfg = Debug|Any CPU
		{897FCD28-4472-4DB0-B972-22EC93DE7BCA}.Debug|x86.Build.0 = Debug|Any CPU
		{897FCD28-4472-4DB0-B972-22EC93DE7BCA}.Release|Any CPU.ActiveCfg = Release|Any CPU
		{897FCD28-4472-4DB0-B972-22EC93DE7BCA}.Release|Any CPU.Build.0 = Release|Any CPU
		{897FCD28-4472-4DB0-B972-22EC93DE7BCA}.Release|x64.ActiveCfg = Release|Any CPU
		{897FCD28-4472-4DB0-B972-22EC93DE7BCA}.Release|x64.Build.0 = Release|Any CPU
		{897FCD28-4472-4DB0-B972-22EC93DE7BCA}.Release|x86.ActiveCfg = Release|Any CPU
		{897FCD28-4472-4DB0-B972-22EC93DE7BCA}.Release|x86.Build.0 = Release|Any CPU
		{E7252EBD-882D-41AE-BCFC-B59E41AB6226}.Debug|Any CPU.ActiveCfg = Debug|Any CPU
		{E7252EBD-882D-41AE-BCFC-B59E41AB6226}.Debug|Any CPU.Build.0 = Debug|Any CPU
		{E7252EBD-882D-41AE-BCFC-B59E41AB6226}.Debug|x64.ActiveCfg = Debug|Any CPU
		{E7252EBD-882D-41AE-BCFC-B59E41AB6226}.Debug|x64.Build.0 = Debug|Any CPU
		{E7252EBD-882D-41AE-BCFC-B59E41AB6226}.Debug|x86.ActiveCfg = Debug|Any CPU
		{E7252EBD-882D-41AE-BCFC-B59E41AB6226}.Debug|x86.Build.0 = Debug|Any CPU
		{E7252EBD-882D-41AE-BCFC-B59E41AB6226}.Release|Any CPU.ActiveCfg = Release|Any CPU
		{E7252EBD-882D-41AE-BCFC-B59E41AB6226}.Release|Any CPU.Build.0 = Release|Any CPU
		{E7252EBD-882D-41AE-BCFC-B59E41AB6226}.Release|x64.ActiveCfg = Release|Any CPU
		{E7252EBD-882D-41AE-BCFC-B59E41AB6226}.Release|x64.Build.0 = Release|Any CPU
		{E7252EBD-882D-41AE-BCFC-B59E41AB6226}.Release|x86.ActiveCfg = Release|Any CPU
		{E7252EBD-882D-41AE-BCFC-B59E41AB6226}.Release|x86.Build.0 = Release|Any CPU
		{653EE3B1-34EA-4184-B83E-B4E206694F6F}.Debug|Any CPU.ActiveCfg = Debug|Any CPU
		{653EE3B1-34EA-4184-B83E-B4E206694F6F}.Debug|Any CPU.Build.0 = Debug|Any CPU
		{653EE3B1-34EA-4184-B83E-B4E206694F6F}.Debug|x64.ActiveCfg = Debug|Any CPU
		{653EE3B1-34EA-4184-B83E-B4E206694F6F}.Debug|x64.Build.0 = Debug|Any CPU
		{653EE3B1-34EA-4184-B83E-B4E206694F6F}.Debug|x86.ActiveCfg = Debug|Any CPU
		{653EE3B1-34EA-4184-B83E-B4E206694F6F}.Debug|x86.Build.0 = Debug|Any CPU
		{653EE3B1-34EA-4184-B83E-B4E206694F6F}.Release|Any CPU.ActiveCfg = Release|Any CPU
		{653EE3B1-34EA-4184-B83E-B4E206694F6F}.Release|Any CPU.Build.0 = Release|Any CPU
		{653EE3B1-34EA-4184-B83E-B4E206694F6F}.Release|x64.ActiveCfg = Release|Any CPU
		{653EE3B1-34EA-4184-B83E-B4E206694F6F}.Release|x64.Build.0 = Release|Any CPU
		{653EE3B1-34EA-4184-B83E-B4E206694F6F}.Release|x86.ActiveCfg = Release|Any CPU
		{653EE3B1-34EA-4184-B83E-B4E206694F6F}.Release|x86.Build.0 = Release|Any CPU
	EndGlobalSection
	GlobalSection(NestedProjects) = preSolution
		{AA598ED9-0AA6-4BEB-B409-E5BA72D03F57} = {5D4FB110-099A-4DAB-AFC3-43F9B80CF04A}
		{930D7A3C-7E13-4FDD-B0D8-F3168E45012D} = {AA598ED9-0AA6-4BEB-B409-E5BA72D03F57}
		{D51F55A1-DD13-4360-87E5-C53972B8CFDD} = {930D7A3C-7E13-4FDD-B0D8-F3168E45012D}
		{59958FF0-0169-4999-9B1C-1C5DF00DFA28} = {930D7A3C-7E13-4FDD-B0D8-F3168E45012D}
		{C57AA334-1695-4382-A6F3-2AE8581D1D53} = {AA598ED9-0AA6-4BEB-B409-E5BA72D03F57}
		{58B1E5DB-09AA-43AB-A280-F2F13923E787} = {C57AA334-1695-4382-A6F3-2AE8581D1D53}
		{AA61886E-93A0-4ABD-945D-FE296F725989} = {5D4FB110-099A-4DAB-AFC3-43F9B80CF04A}
		{CF6EBF67-D70E-42D6-9701-488D6B07C0E5} = {AA61886E-93A0-4ABD-945D-FE296F725989}
		{B2C9ADEA-72B8-421F-8F67-26F8B58DF9A7} = {CF6EBF67-D70E-42D6-9701-488D6B07C0E5}
		{8D6A47E7-F048-440D-925B-B2B7F8D02E40} = {CF6EBF67-D70E-42D6-9701-488D6B07C0E5}
		{AFA4A096-4E53-4BE7-AE6F-1096A7E9FE0E} = {CF6EBF67-D70E-42D6-9701-488D6B07C0E5}
		{E799050F-BCD5-4CC9-B036-D0FB58F31D5C} = {5D4FB110-099A-4DAB-AFC3-43F9B80CF04A}
		{FCCE9013-C970-4A8D-9921-5DDF3BC257A6} = {E799050F-BCD5-4CC9-B036-D0FB58F31D5C}
		{889EF311-9D54-4173-89C0-711EF65020ED} = {FCCE9013-C970-4A8D-9921-5DDF3BC257A6}
		{BA42BE4A-4767-4ADE-85FD-B497FA3DF569} = {E799050F-BCD5-4CC9-B036-D0FB58F31D5C}
		{7D99A700-528B-4428-AD4C-39027561DAD2} = {BA42BE4A-4767-4ADE-85FD-B497FA3DF569}
		{897FCD28-4472-4DB0-B972-22EC93DE7BCA} = {FCCE9013-C970-4A8D-9921-5DDF3BC257A6}
		{0FF07A98-850A-461C-8B23-F5B5D1E73851} = {5D4FB110-099A-4DAB-AFC3-43F9B80CF04A}
		{D5DC641B-42DE-4FB5-A055-F6C8AFC0C195} = {0FF07A98-850A-461C-8B23-F5B5D1E73851}
		{E7252EBD-882D-41AE-BCFC-B59E41AB6226} = {D5DC641B-42DE-4FB5-A055-F6C8AFC0C195}
		{6C9E05AA-075E-49E9-AA5C-052DE922190C} = {0FF07A98-850A-461C-8B23-F5B5D1E73851}
		{653EE3B1-34EA-4184-B83E-B4E206694F6F} = {6C9E05AA-075E-49E9-AA5C-052DE922190C}
	EndGlobalSection
EndGlobal
