
Microsoft Visual Studio Solution File, Format Version 12.00
# Visual Studio 15
VisualStudioVersion = 15.0.26124.0
MinimumVisualStudioVersion = 15.0.26124.0
Project("{2150E333-8FDC-42A3-9474-1A3956D46DE8}") = "src", "src", "{5D4FB110-099A-4DAB-AFC3-43F9B80CF04A}"
EndProject
Project("{2150E333-8FDC-42A3-9474-1A3956D46DE8}") = "Hosting", "Hosting", "{AA598ED9-0AA6-4BEB-B409-E5BA72D03F57}"
EndProject
Project("{2150E333-8FDC-42A3-9474-1A3956D46DE8}") = "src", "src", "{930D7A3C-7E13-4FDD-B0D8-F3168E45012D}"
EndProject
Project("{FAE04EC0-301F-11D3-BF4B-00C04F79EFBC}") = "Clinia.Extensions.Hosting.EntityFrameworkCore", "src\Hosting\src\Clinia.Extensions.Hosting.EntityFrameworkCore\Clinia.Extensions.Hosting.EntityFrameworkCore.csproj", "{D51F55A1-DD13-4360-87E5-C53972B8CFDD}"
EndProject
Project("{FAE04EC0-301F-11D3-BF4B-00C04F79EFBC}") = "Clinia.Extensions.Hosting", "src\Hosting\src\Clinia.Extensions.Hosting\Clinia.Extensions.Hosting.csproj", "{59958FF0-0169-4999-9B1C-1C5DF00DFA28}"
EndProject
Project("{2150E333-8FDC-42A3-9474-1A3956D46DE8}") = "test", "test", "{C57AA334-1695-4382-A6F3-2AE8581D1D53}"
EndProject
Project("{FAE04EC0-301F-11D3-BF4B-00C04F79EFBC}") = "Hosting.Test", "src\Hosting\test\Hosting.Test\Hosting.Test.csproj", "{58B1E5DB-09AA-43AB-A280-F2F13923E787}"
EndProject
Project("{2150E333-8FDC-42A3-9474-1A3956D46DE8}") = "Testing", "Testing", "{D5954B5A-31BB-46AF-BCAB-5BB1925D108E}"
EndProject
Project("{2150E333-8FDC-42A3-9474-1A3956D46DE8}") = "src", "src", "{D353890B-6EB0-43F2-8831-A21D7022AB24}"
EndProject
Project("{FAE04EC0-301F-11D3-BF4B-00C04F79EFBC}") = "Clinia.Testing", "src\Testing\src\Clinia.Testing\Clinia.Testing.csproj", "{F3583342-7A06-4571-B848-EF8F28723BB4}"
EndProject
Global
	GlobalSection(SolutionConfigurationPlatforms) = preSolution
		Debug|Any CPU = Debug|Any CPU
		Debug|x64 = Debug|x64
		Debug|x86 = Debug|x86
		Release|Any CPU = Release|Any CPU
		Release|x64 = Release|x64
		Release|x86 = Release|x86
	EndGlobalSection
	GlobalSection(SolutionProperties) = preSolution
		HideSolutionNode = FALSE
	EndGlobalSection
	GlobalSection(ProjectConfigurationPlatforms) = postSolution
		{D51F55A1-DD13-4360-87E5-C53972B8CFDD}.Debug|Any CPU.ActiveCfg = Debug|Any CPU
		{D51F55A1-DD13-4360-87E5-C53972B8CFDD}.Debug|Any CPU.Build.0 = Debug|Any CPU
		{D51F55A1-DD13-4360-87E5-C53972B8CFDD}.Debug|x64.ActiveCfg = Debug|Any CPU
		{D51F55A1-DD13-4360-87E5-C53972B8CFDD}.Debug|x64.Build.0 = Debug|Any CPU
		{D51F55A1-DD13-4360-87E5-C53972B8CFDD}.Debug|x86.ActiveCfg = Debug|Any CPU
		{D51F55A1-DD13-4360-87E5-C53972B8CFDD}.Debug|x86.Build.0 = Debug|Any CPU
		{D51F55A1-DD13-4360-87E5-C53972B8CFDD}.Release|Any CPU.ActiveCfg = Release|Any CPU
		{D51F55A1-DD13-4360-87E5-C53972B8CFDD}.Release|Any CPU.Build.0 = Release|Any CPU
		{D51F55A1-DD13-4360-87E5-C53972B8CFDD}.Release|x64.ActiveCfg = Release|Any CPU
		{D51F55A1-DD13-4360-87E5-C53972B8CFDD}.Release|x64.Build.0 = Release|Any CPU
		{D51F55A1-DD13-4360-87E5-C53972B8CFDD}.Release|x86.ActiveCfg = Release|Any CPU
		{D51F55A1-DD13-4360-87E5-C53972B8CFDD}.Release|x86.Build.0 = Release|Any CPU
		{59958FF0-0169-4999-9B1C-1C5DF00DFA28}.Debug|Any CPU.ActiveCfg = Debug|Any CPU
		{59958FF0-0169-4999-9B1C-1C5DF00DFA28}.Debug|Any CPU.Build.0 = Debug|Any CPU
		{59958FF0-0169-4999-9B1C-1C5DF00DFA28}.Debug|x64.ActiveCfg = Debug|Any CPU
		{59958FF0-0169-4999-9B1C-1C5DF00DFA28}.Debug|x64.Build.0 = Debug|Any CPU
		{59958FF0-0169-4999-9B1C-1C5DF00DFA28}.Debug|x86.ActiveCfg = Debug|Any CPU
		{59958FF0-0169-4999-9B1C-1C5DF00DFA28}.Debug|x86.Build.0 = Debug|Any CPU
		{59958FF0-0169-4999-9B1C-1C5DF00DFA28}.Release|Any CPU.ActiveCfg = Release|Any CPU
		{59958FF0-0169-4999-9B1C-1C5DF00DFA28}.Release|Any CPU.Build.0 = Release|Any CPU
		{59958FF0-0169-4999-9B1C-1C5DF00DFA28}.Release|x64.ActiveCfg = Release|Any CPU
		{59958FF0-0169-4999-9B1C-1C5DF00DFA28}.Release|x64.Build.0 = Release|Any CPU
		{59958FF0-0169-4999-9B1C-1C5DF00DFA28}.Release|x86.ActiveCfg = Release|Any CPU
		{59958FF0-0169-4999-9B1C-1C5DF00DFA28}.Release|x86.Build.0 = Release|Any CPU
		{58B1E5DB-09AA-43AB-A280-F2F13923E787}.Debug|Any CPU.ActiveCfg = Debug|Any CPU
		{58B1E5DB-09AA-43AB-A280-F2F13923E787}.Debug|Any CPU.Build.0 = Debug|Any CPU
		{58B1E5DB-09AA-43AB-A280-F2F13923E787}.Debug|x64.ActiveCfg = Debug|Any CPU
		{58B1E5DB-09AA-43AB-A280-F2F13923E787}.Debug|x64.Build.0 = Debug|Any CPU
		{58B1E5DB-09AA-43AB-A280-F2F13923E787}.Debug|x86.ActiveCfg = Debug|Any CPU
		{58B1E5DB-09AA-43AB-A280-F2F13923E787}.Debug|x86.Build.0 = Debug|Any CPU
		{58B1E5DB-09AA-43AB-A280-F2F13923E787}.Release|Any CPU.ActiveCfg = Release|Any CPU
		{58B1E5DB-09AA-43AB-A280-F2F13923E787}.Release|Any CPU.Build.0 = Release|Any CPU
		{58B1E5DB-09AA-43AB-A280-F2F13923E787}.Release|x64.ActiveCfg = Release|Any CPU
		{58B1E5DB-09AA-43AB-A280-F2F13923E787}.Release|x64.Build.0 = Release|Any CPU
		{58B1E5DB-09AA-43AB-A280-F2F13923E787}.Release|x86.ActiveCfg = Release|Any CPU
		{58B1E5DB-09AA-43AB-A280-F2F13923E787}.Release|x86.Build.0 = Release|Any CPU
		{F3583342-7A06-4571-B848-EF8F28723BB4}.Debug|Any CPU.ActiveCfg = Debug|Any CPU
		{F3583342-7A06-4571-B848-EF8F28723BB4}.Debug|Any CPU.Build.0 = Debug|Any CPU
		{F3583342-7A06-4571-B848-EF8F28723BB4}.Debug|x64.ActiveCfg = Debug|Any CPU
		{F3583342-7A06-4571-B848-EF8F28723BB4}.Debug|x64.Build.0 = Debug|Any CPU
		{F3583342-7A06-4571-B848-EF8F28723BB4}.Debug|x86.ActiveCfg = Debug|Any CPU
		{F3583342-7A06-4571-B848-EF8F28723BB4}.Debug|x86.Build.0 = Debug|Any CPU
		{F3583342-7A06-4571-B848-EF8F28723BB4}.Release|Any CPU.ActiveCfg = Release|Any CPU
		{F3583342-7A06-4571-B848-EF8F28723BB4}.Release|Any CPU.Build.0 = Release|Any CPU
		{F3583342-7A06-4571-B848-EF8F28723BB4}.Release|x64.ActiveCfg = Release|Any CPU
		{F3583342-7A06-4571-B848-EF8F28723BB4}.Release|x64.Build.0 = Release|Any CPU
		{F3583342-7A06-4571-B848-EF8F28723BB4}.Release|x86.ActiveCfg = Release|Any CPU
		{F3583342-7A06-4571-B848-EF8F28723BB4}.Release|x86.Build.0 = Release|Any CPU
	EndGlobalSection
	GlobalSection(NestedProjects) = preSolution
		{AA598ED9-0AA6-4BEB-B409-E5BA72D03F57} = {5D4FB110-099A-4DAB-AFC3-43F9B80CF04A}
		{930D7A3C-7E13-4FDD-B0D8-F3168E45012D} = {AA598ED9-0AA6-4BEB-B409-E5BA72D03F57}
		{D51F55A1-DD13-4360-87E5-C53972B8CFDD} = {930D7A3C-7E13-4FDD-B0D8-F3168E45012D}
		{59958FF0-0169-4999-9B1C-1C5DF00DFA28} = {930D7A3C-7E13-4FDD-B0D8-F3168E45012D}
		{C57AA334-1695-4382-A6F3-2AE8581D1D53} = {AA598ED9-0AA6-4BEB-B409-E5BA72D03F57}
		{58B1E5DB-09AA-43AB-A280-F2F13923E787} = {C57AA334-1695-4382-A6F3-2AE8581D1D53}
		{D5954B5A-31BB-46AF-BCAB-5BB1925D108E} = {5D4FB110-099A-4DAB-AFC3-43F9B80CF04A}
		{D353890B-6EB0-43F2-8831-A21D7022AB24} = {D5954B5A-31BB-46AF-BCAB-5BB1925D108E}
		{F3583342-7A06-4571-B848-EF8F28723BB4} = {D353890B-6EB0-43F2-8831-A21D7022AB24}
	EndGlobalSection
EndGlobal
